
Microsoft Visual Studio Solution File, Format Version 12.00
# Visual Studio Version 17
VisualStudioVersion = 17.5.33530.505
MinimumVisualStudioVersion = 10.0.40219.1
Project("{FAE04EC0-301F-11D3-BF4B-00C04F79EFBC}") = "EmailMann", "EmailMann.csproj", "{638ED222-6CEF-4129-B3F7-41610E7BA043}"
EndProject
Global
	GlobalSection(SolutionConfigurationPlatforms) = preSolution
		Debug|Any CPU = Debug|Any CPU
		Release|Any CPU = Release|Any CPU
	EndGlobalSection
	GlobalSection(ProjectConfigurationPlatforms) = postSolution
		{638ED222-6CEF-4129-B3F7-41610E7BA043}.Debug|Any CPU.ActiveCfg = Debug|Any CPU
		{638ED222-6CEF-4129-B3F7-41610E7BA043}.Debug|Any CPU.Build.0 = Debug|Any CPU
		{638ED222-6CEF-4129-B3F7-41610E7BA043}.Release|Any CPU.ActiveCfg = Release|Any CPU
		{638ED222-6CEF-4129-B3F7-41610E7BA043}.Release|Any CPU.Build.0 = Release|Any CPU
	EndGlobalSection
	GlobalSection(SolutionProperties) = preSolution
		HideSolutionNode = FALSE
	EndGlobalSection
	GlobalSection(ExtensibilityGlobals) = postSolution
		SolutionGuid = {66F04A80-B451-484A-B831-4AF25CA8B296}
	EndGlobalSection
EndGlobal
